# This file was autogenerated by Stack.
# You should not edit this file by hand.
# For more information, please see the documentation at:
#   https://docs.haskellstack.org/en/stable/lock_files

packages: []
snapshots:
- completed:
    sha256: 6a3f06a00677a3847dff278381ce73d53d16e2db1234a91af8d26463d93119f0
    size: 421684
    url: https://raw.githubusercontent.com/commercialhaskell/stackage-snapshots/master/lts/7/11.yaml
  original: lts-7.11
